// !$*UTF8*$!
{
	archiveVersion = 1;
	classes = {
	};
	objectVersion = 56;
	objects = {

/* Begin PBXBuildFile section */
		FC317B4D2BD0E5A300A2673C /* AppDelegate.swift in Sources */ = {isa = PBXBuildFile; fileRef = FC317B4C2BD0E5A300A2673C /* AppDelegate.swift */; };
		FC317B4F2BD0E5A300A2673C /* SceneDelegate.swift in Sources */ = {isa = PBXBuildFile; fileRef = FC317B4E2BD0E5A300A2673C /* SceneDelegate.swift */; };
		FC317B512BD0E5A300A2673C /* GridViewController.swift in Sources */ = {isa = PBXBuildFile; fileRef = FC317B502BD0E5A300A2673C /* GridViewController.swift */; };
		FC317B542BD0E5A300A2673C /* Base in Resources */ = {isa = PBXBuildFile; fileRef = FC317B532BD0E5A300A2673C /* Base */; };
		FC317B562BD0E5A500A2673C /* Assets.xcassets in Resources */ = {isa = PBXBuildFile; fileRef = FC317B552BD0E5A500A2673C /* Assets.xcassets */; };
		FC317B592BD0E5A500A2673C /* Base in Resources */ = {isa = PBXBuildFile; fileRef = FC317B582BD0E5A500A2673C /* Base */; };
		FC317B652BD0EA5A00A2673C /* MNCollectionView.swift in Sources */ = {isa = PBXBuildFile; fileRef = FC317B642BD0EA5A00A2673C /* MNCollectionView.swift */; };
		FC317B672BD0EAEA00A2673C /* MNCollectionViewCell.swift in Sources */ = {isa = PBXBuildFile; fileRef = FC317B662BD0EAEA00A2673C /* MNCollectionViewCell.swift */; };
		FC317B692BD0EFF900A2673C /* GridModel.swift in Sources */ = {isa = PBXBuildFile; fileRef = FC317B682BD0EFF900A2673C /* GridModel.swift */; };
		FC317B6B2BD0F09300A2673C /* GridViewModel.swift in Sources */ = {isa = PBXBuildFile; fileRef = FC317B6A2BD0F09300A2673C /* GridViewModel.swift */; };
		FC317B6D2BD0F2CC00A2673C /* Constant.swift in Sources */ = {isa = PBXBuildFile; fileRef = FC317B6C2BD0F2CC00A2673C /* Constant.swift */; };
		FC317B702BD0FF3800A2673C /* ImageCache.swift in Sources */ = {isa = PBXBuildFile; fileRef = FC317B6F2BD0FF3800A2673C /* ImageCache.swift */; };
		FC317B722BD0FF5600A2673C /* ImageLoader.swift in Sources */ = {isa = PBXBuildFile; fileRef = FC317B712BD0FF5600A2673C /* ImageLoader.swift */; };
/* End PBXBuildFile section */

/* Begin PBXFileReference section */
		FC317B492BD0E5A300A2673C /* AssignmentAcharyaprashant.app */ = {isa = PBXFileReference; explicitFileType = wrapper.application; includeInIndex = 0; path = AssignmentAcharyaprashant.app; sourceTree = BUILT_PRODUCTS_DIR; };
		FC317B4C2BD0E5A300A2673C /* AppDelegate.swift */ = {isa = PBXFileReference; lastKnownFileType = sourcecode.swift; path = AppDelegate.swift; sourceTree = "<group>"; };
		FC317B4E2BD0E5A300A2673C /* SceneDelegate.swift */ = {isa = PBXFileReference; lastKnownFileType = sourcecode.swift; path = SceneDelegate.swift; sourceTree = "<group>"; };
		FC317B502BD0E5A300A2673C /* GridViewController.swift */ = {isa = PBXFileReference; lastKnownFileType = sourcecode.swift; path = GridViewController.swift; sourceTree = "<group>"; };
		FC317B532BD0E5A300A2673C /* Base */ = {isa = PBXFileReference; lastKnownFileType = file.storyboard; name = Base; path = Base.lproj/Main.storyboard; sourceTree = "<group>"; };
		FC317B552BD0E5A500A2673C /* Assets.xcassets */ = {isa = PBXFileReference; lastKnownFileType = folder.assetcatalog; path = Assets.xcassets; sourceTree = "<group>"; };
		FC317B582BD0E5A500A2673C /* Base */ = {isa = PBXFileReference; lastKnownFileType = file.storyboard; name = Base; path = Base.lproj/LaunchScreen.storyboard; sourceTree = "<group>"; };
		FC317B5A2BD0E5A500A2673C /* Info.plist */ = {isa = PBXFileReference; lastKnownFileType = text.plist.xml; path = Info.plist; sourceTree = "<group>"; };
		FC317B642BD0EA5A00A2673C /* MNCollectionView.swift */ = {isa = PBXFileReference; lastKnownFileType = sourcecode.swift; path = MNCollectionView.swift; sourceTree = "<group>"; };
		FC317B662BD0EAEA00A2673C /* MNCollectionViewCell.swift */ = {isa = PBXFileReference; lastKnownFileType = sourcecode.swift; path = MNCollectionViewCell.swift; sourceTree = "<group>"; };
		FC317B682BD0EFF900A2673C /* GridModel.swift */ = {isa = PBXFileReference; lastKnownFileType = sourcecode.swift; path = GridModel.swift; sourceTree = "<group>"; };
		FC317B6A2BD0F09300A2673C /* GridViewModel.swift */ = {isa = PBXFileReference; lastKnownFileType = sourcecode.swift; path = GridViewModel.swift; sourceTree = "<group>"; };
		FC317B6C2BD0F2CC00A2673C /* Constant.swift */ = {isa = PBXFileReference; lastKnownFileType = sourcecode.swift; path = Constant.swift; sourceTree = "<group>"; };
		FC317B6F2BD0FF3800A2673C /* ImageCache.swift */ = {isa = PBXFileReference; lastKnownFileType = sourcecode.swift; path = ImageCache.swift; sourceTree = "<group>"; };
		FC317B712BD0FF5600A2673C /* ImageLoader.swift */ = {isa = PBXFileReference; lastKnownFileType = sourcecode.swift; path = ImageLoader.swift; sourceTree = "<group>"; };
/* End PBXFileReference section */

/* Begin PBXFrameworksBuildPhase section */
		FC317B462BD0E5A300A2673C /* Frameworks */ = {
			isa = PBXFrameworksBuildPhase;
			buildActionMask = 2147483647;
			files = (
			);
			runOnlyForDeploymentPostprocessing = 0;
		};
/* End PBXFrameworksBuildPhase section */

/* Begin PBXGroup section */
		FC317B402BD0E5A300A2673C = {
			isa = PBXGroup;
			children = (
				FC317B4B2BD0E5A300A2673C /* AssignmentAcharyaprashant */,
				FC317B4A2BD0E5A300A2673C /* Products */,
			);
			sourceTree = "<group>";
		};
		FC317B4A2BD0E5A300A2673C /* Products */ = {
			isa = PBXGroup;
			children = (
				FC317B492BD0E5A300A2673C /* AssignmentAcharyaprashant.app */,
			);
			name = Products;
			sourceTree = "<group>";
		};
		FC317B4B2BD0E5A300A2673C /* AssignmentAcharyaprashant */ = {
			isa = PBXGroup;
			children = (
				FC317B6E2BD0FF2C00A2673C /* Utility */,
				FC317B632BD0EA1D00A2673C /* ViewModel */,
				FC317B622BD0EA1800A2673C /* Model */,
				FC317B612BD0EA0C00A2673C /* Delegate */,
				FC317B602BD0EA0400A2673C /* View */,
				FC317B522BD0E5A300A2673C /* Main.storyboard */,
				FC317B552BD0E5A500A2673C /* Assets.xcassets */,
				FC317B572BD0E5A500A2673C /* LaunchScreen.storyboard */,
				FC317B5A2BD0E5A500A2673C /* Info.plist */,
				FC317B6C2BD0F2CC00A2673C /* Constant.swift */,
			);
			path = AssignmentAcharyaprashant;
			sourceTree = "<group>";
		};
		FC317B602BD0EA0400A2673C /* View */ = {
			isa = PBXGroup;
			children = (
				FC317B502BD0E5A300A2673C /* GridViewController.swift */,
			);
			path = View;
			sourceTree = "<group>";
		};
		FC317B612BD0EA0C00A2673C /* Delegate */ = {
			isa = PBXGroup;
			children = (
				FC317B4C2BD0E5A300A2673C /* AppDelegate.swift */,
				FC317B4E2BD0E5A300A2673C /* SceneDelegate.swift */,
			);
			path = Delegate;
			sourceTree = "<group>";
		};
		FC317B622BD0EA1800A2673C /* Model */ = {
			isa = PBXGroup;
			children = (
				FC317B682BD0EFF900A2673C /* GridModel.swift */,
			);
			path = Model;
			sourceTree = "<group>";
		};
		FC317B632BD0EA1D00A2673C /* ViewModel */ = {
			isa = PBXGroup;
			children = (
				FC317B642BD0EA5A00A2673C /* MNCollectionView.swift */,
				FC317B662BD0EAEA00A2673C /* MNCollectionViewCell.swift */,
				FC317B6A2BD0F09300A2673C /* GridViewModel.swift */,
			);
			path = ViewModel;
			sourceTree = "<group>";
		};
		FC317B6E2BD0FF2C00A2673C /* Utility */ = {
			isa = PBXGroup;
			children = (
				FC317B6F2BD0FF3800A2673C /* ImageCache.swift */,
				FC317B712BD0FF5600A2673C /* ImageLoader.swift */,
			);
			path = Utility;
			sourceTree = "<group>";
		};
/* End PBXGroup section */

/* Begin PBXNativeTarget section */
		FC317B482BD0E5A300A2673C /* AssignmentAcharyaprashant */ = {
			isa = PBXNativeTarget;
			buildConfigurationList = FC317B5D2BD0E5A500A2673C /* Build configuration list for PBXNativeTarget "AssignmentAcharyaprashant" */;
			buildPhases = (
				FC317B452BD0E5A300A2673C /* Sources */,
				FC317B462BD0E5A300A2673C /* Frameworks */,
				FC317B472BD0E5A300A2673C /* Resources */,
			);
			buildRules = (
			);
			dependencies = (
			);
			name = AssignmentAcharyaprashant;
			productName = AssignmentAcharyaprashant;
			productReference = FC317B492BD0E5A300A2673C /* AssignmentAcharyaprashant.app */;
			productType = "com.apple.product-type.application";
		};
/* End PBXNativeTarget section */

/* Begin PBXProject section */
		FC317B412BD0E5A300A2673C /* Project object */ = {
			isa = PBXProject;
			attributes = {
				BuildIndependentTargetsInParallel = 1;
				LastSwiftUpdateCheck = 1530;
				LastUpgradeCheck = 1530;
				TargetAttributes = {
					FC317B482BD0E5A300A2673C = {
						CreatedOnToolsVersion = 15.3;
					};
				};
			};
			buildConfigurationList = FC317B442BD0E5A300A2673C /* Build configuration list for PBXProject "AssignmentAcharyaprashant" */;
			compatibilityVersion = "Xcode 14.0";
			developmentRegion = en;
			hasScannedForEncodings = 0;
			knownRegions = (
				en,
				Base,
			);
			mainGroup = FC317B402BD0E5A300A2673C;
			productRefGroup = FC317B4A2BD0E5A300A2673C /* Products */;
			projectDirPath = "";
			projectRoot = "";
			targets = (
				FC317B482BD0E5A300A2673C /* AssignmentAcharyaprashant */,
			);
		};
/* End PBXProject section */

/* Begin PBXResourcesBuildPhase section */
		FC317B472BD0E5A300A2673C /* Resources */ = {
			isa = PBXResourcesBuildPhase;
			buildActionMask = 2147483647;
			files = (
				FC317B562BD0E5A500A2673C /* Assets.xcassets in Resources */,
				FC317B592BD0E5A500A2673C /* Base in Resources */,
				FC317B542BD0E5A300A2673C /* Base in Resources */,
			);
			runOnlyForDeploymentPostprocessing = 0;
		};
/* End PBXResourcesBuildPhase section */

/* Begin PBXSourcesBuildPhase section */
		FC317B452BD0E5A300A2673C /* Sources */ = {
			isa = PBXSourcesBuildPhase;
			buildActionMask = 2147483647;
			files = (
				FC317B672BD0EAEA00A2673C /* MNCollectionViewCell.swift in Sources */,
				FC317B512BD0E5A300A2673C /* GridViewController.swift in Sources */,
				FC317B722BD0FF5600A2673C /* ImageLoader.swift in Sources */,
				FC317B6B2BD0F09300A2673C /* GridViewModel.swift in Sources */,
				FC317B702BD0FF3800A2673C /* ImageCache.swift in Sources */,
				FC317B6D2BD0F2CC00A2673C /* Constant.swift in Sources */,
				FC317B4D2BD0E5A300A2673C /* AppDelegate.swift in Sources */,
				FC317B4F2BD0E5A300A2673C /* SceneDelegate.swift in Sources */,
				FC317B652BD0EA5A00A2673C /* MNCollectionView.swift in Sources */,
				FC317B692BD0EFF900A2673C /* GridModel.swift in Sources */,
			);
			runOnlyForDeploymentPostprocessing = 0;
		};
/* End PBXSourcesBuildPhase section */

/* Begin PBXVariantGroup section */
		FC317B522BD0E5A300A2673C /* Main.storyboard */ = {
			isa = PBXVariantGroup;
			children = (
				FC317B532BD0E5A300A2673C /* Base */,
			);
			name = Main.storyboard;
			sourceTree = "<group>";
		};
		FC317B572BD0E5A500A2673C /* LaunchScreen.storyboard */ = {
			isa = PBXVariantGroup;
			children = (
				FC317B582BD0E5A500A2673C /* Base */,
			);
			name = LaunchScreen.storyboard;
			sourceTree = "<group>";
		};
/* End PBXVariantGroup section */

/* Begin XCBuildConfiguration section */
		FC317B5B2BD0E5A500A2673C /* Debug */ = {
			isa = XCBuildConfiguration;
			buildSettings = {
				ALWAYS_SEARCH_USER_PATHS = NO;
				ASSETCATALOG_COMPILER_GENERATE_SWIFT_ASSET_SYMBOL_EXTENSIONS = YES;
				CLANG_ANALYZER_NONNULL = YES;
				CLANG_ANALYZER_NUMBER_OBJECT_CONVERSION = YES_AGGRESSIVE;
				CLANG_CXX_LANGUAGE_STANDARD = "gnu++20";
				CLANG_ENABLE_MODULES = YES;
				CLANG_ENABLE_OBJC_ARC = YES;
				CLANG_ENABLE_OBJC_WEAK = YES;
				CLANG_WARN_BLOCK_CAPTURE_AUTORELEASING = YES;
				CLANG_WARN_BOOL_CONVERSION = YES;
				CLANG_WARN_COMMA = YES;
				CLANG_WARN_CONSTANT_CONVERSION = YES;
				CLANG_WARN_DEPRECATED_OBJC_IMPLEMENTATIONS = YES;
				CLANG_WARN_DIRECT_OBJC_ISA_USAGE = YES_ERROR;
				CLANG_WARN_DOCUMENTATION_COMMENTS = YES;
				CLANG_WARN_EMPTY_BODY = YES;
				CLANG_WARN_ENUM_CONVERSION = YES;
				CLANG_WARN_INFINITE_RECURSION = YES;
				CLANG_WARN_INT_CONVERSION = YES;
				CLANG_WARN_NON_LITERAL_NULL_CONVERSION = YES;
				CLANG_WARN_OBJC_IMPLICIT_RETAIN_SELF = YES;
				CLANG_WARN_OBJC_LITERAL_CONVERSION = YES;
				CLANG_WARN_OBJC_ROOT_CLASS = YES_ERROR;
				CLANG_WARN_QUOTED_INCLUDE_IN_FRAMEWORK_HEADER = YES;
				CLANG_WARN_RANGE_LOOP_ANALYSIS = YES;
				CLANG_WARN_STRICT_PROTOTYPES = YES;
				CLANG_WARN_SUSPICIOUS_MOVE = YES;
				CLANG_WARN_UNGUARDED_AVAILABILITY = YES_AGGRESSIVE;
				CLANG_WARN_UNREACHABLE_CODE = YES;
				CLANG_WARN__DUPLICATE_METHOD_MATCH = YES;
				COPY_PHASE_STRIP = NO;
				DEBUG_INFORMATION_FORMAT = dwarf;
				ENABLE_STRICT_OBJC_MSGSEND = YES;
				ENABLE_TESTABILITY = YES;
				ENABLE_USER_SCRIPT_SANDBOXING = YES;
				GCC_C_LANGUAGE_STANDARD = gnu17;
				GCC_DYNAMIC_NO_PIC = NO;
				GCC_NO_COMMON_BLOCKS = YES;
				GCC_OPTIMIZATION_LEVEL = 0;
				GCC_PREPROCESSOR_DEFINITIONS = (
					"DEBUG=1",
					"$(inherited)",
				);
				GCC_WARN_64_TO_32_BIT_CONVERSION = YES;
				GCC_WARN_ABOUT_RETURN_TYPE = YES_ERROR;
				GCC_WARN_UNDECLARED_SELECTOR = YES;
				GCC_WARN_UNINITIALIZED_AUTOS = YES_AGGRESSIVE;
				GCC_WARN_UNUSED_FUNCTION = YES;
				GCC_WARN_UNUSED_VARIABLE = YES;
				IPHONEOS_DEPLOYMENT_TARGET = 17.4;
				LOCALIZATION_PREFERS_STRING_CATALOGS = YES;
				MTL_ENABLE_DEBUG_INFO = INCLUDE_SOURCE;
				MTL_FAST_MATH = YES;
				ONLY_ACTIVE_ARCH = YES;
				SDKROOT = iphoneos;
				SWIFT_ACTIVE_COMPILATION_CONDITIONS = "DEBUG $(inherited)";
				SWIFT_OPTIMIZATION_LEVEL = "-Onone";
			};
			name = Debug;
		};
		FC317B5C2BD0E5A500A2673C /* Release */ = {
			isa = XCBuildConfiguration;
			buildSettings = {
				ALWAYS_SEARCH_USER_PATHS = NO;
				ASSETCATALOG_COMPILER_GENERATE_SWIFT_ASSET_SYMBOL_EXTENSIONS = YES;
				CLANG_ANALYZER_NONNULL = YES;
				CLANG_ANALYZER_NUMBER_OBJECT_CONVERSION = YES_AGGRESSIVE;
				CLANG_CXX_LANGUAGE_STANDARD = "gnu++20";
				CLANG_ENABLE_MODULES = YES;
				CLANG_ENABLE_OBJC_ARC = YES;
				CLANG_ENABLE_OBJC_WEAK = YES;
				CLANG_WARN_BLOCK_CAPTURE_AUTORELEASING = YES;
				CLANG_WARN_BOOL_CONVERSION = YES;
				CLANG_WARN_COMMA = YES;
				CLANG_WARN_CONSTANT_CONVERSION = YES;
				CLANG_WARN_DEPRECATED_OBJC_IMPLEMENTATIONS = YES;
				CLANG_WARN_DIRECT_OBJC_ISA_USAGE = YES_ERROR;
				CLANG_WARN_DOCUMENTATION_COMMENTS = YES;
				CLANG_WARN_EMPTY_BODY = YES;
				CLANG_WARN_ENUM_CONVERSION = YES;
				CLANG_WARN_INFINITE_RECURSION = YES;
				CLANG_WARN_INT_CONVERSION = YES;
				CLANG_WARN_NON_LITERAL_NULL_CONVERSION = YES;
				CLANG_WARN_OBJC_IMPLICIT_RETAIN_SELF = YES;
				CLANG_WARN_OBJC_LITERAL_CONVERSION = YES;
				CLANG_WARN_OBJC_ROOT_CLASS = YES_ERROR;
				CLANG_WARN_QUOTED_INCLUDE_IN_FRAMEWORK_HEADER = YES;
				CLANG_WARN_RANGE_LOOP_ANALYSIS = YES;
				CLANG_WARN_STRICT_PROTOTYPES = YES;
				CLANG_WARN_SUSPICIOUS_MOVE = YES;
				CLANG_WARN_UNGUARDED_AVAILABILITY = YES_AGGRESSIVE;
				CLANG_WARN_UNREACHABLE_CODE = YES;
				CLANG_WARN__DUPLICATE_METHOD_MATCH = YES;
				COPY_PHASE_STRIP = NO;
				DEBUG_INFORMATION_FORMAT = "dwarf-with-dsym";
				ENABLE_NS_ASSERTIONS = NO;
				ENABLE_STRICT_OBJC_MSGSEND = YES;
				ENABLE_USER_SCRIPT_SANDBOXING = YES;
				GCC_C_LANGUAGE_STANDARD = gnu17;
				GCC_NO_COMMON_BLOCKS = YES;
				GCC_WARN_64_TO_32_BIT_CONVERSION = YES;
				GCC_WARN_ABOUT_RETURN_TYPE = YES_ERROR;
				GCC_WARN_UNDECLARED_SELECTOR = YES;
				GCC_WARN_UNINITIALIZED_AUTOS = YES_AGGRESSIVE;
				GCC_WARN_UNUSED_FUNCTION = YES;
				GCC_WARN_UNUSED_VARIABLE = YES;
				IPHONEOS_DEPLOYMENT_TARGET = 17.4;
				LOCALIZATION_PREFERS_STRING_CATALOGS = YES;
				MTL_ENABLE_DEBUG_INFO = NO;
				MTL_FAST_MATH = YES;
				SDKROOT = iphoneos;
				SWIFT_COMPILATION_MODE = wholemodule;
				VALIDATE_PRODUCT = YES;
			};
			name = Release;
		};
		FC317B5E2BD0E5A500A2673C /* Debug */ = {
			isa = XCBuildConfiguration;
			buildSettings = {
				ASSETCATALOG_COMPILER_APPICON_NAME = AppIcon;
				ASSETCATALOG_COMPILER_GLOBAL_ACCENT_COLOR_NAME = AccentColor;
				CODE_SIGN_STYLE = Automatic;
				CURRENT_PROJECT_VERSION = 1;
				GENERATE_INFOPLIST_FILE = YES;
				INFOPLIST_FILE = AssignmentAcharyaprashant/Info.plist;
				INFOPLIST_KEY_UIApplicationSupportsIndirectInputEvents = YES;
				INFOPLIST_KEY_UILaunchStoryboardName = LaunchScreen;
				INFOPLIST_KEY_UIMainStoryboardFile = Main;
				INFOPLIST_KEY_UISupportedInterfaceOrientations_iPad = "UIInterfaceOrientationPortrait UIInterfaceOrientationPortraitUpsideDown UIInterfaceOrientationLandscapeLeft UIInterfaceOrientationLandscapeRight";
				INFOPLIST_KEY_UISupportedInterfaceOrientations_iPhone = "UIInterfaceOrientationPortrait UIInterfaceOrientationLandscapeLeft UIInterfaceOrientationLandscapeRight";
				LD_RUNPATH_SEARCH_PATHS = (
					"$(inherited)",
					"@executable_path/Frameworks",
				);
				MARKETING_VERSION = 1.0;
				PRODUCT_BUNDLE_IDENTIFIER = com.monang.AssignmentAcharyaprashant;
				PRODUCT_NAME = "$(TARGET_NAME)";
				SWIFT_EMIT_LOC_STRINGS = YES;
				SWIFT_VERSION = 5.0;
				TARGETED_DEVICE_FAMILY = "1,2";
			};
			name = Debug;
		};
		FC317B5F2BD0E5A500A2673C /* Release */ = {
			isa = XCBuildConfiguration;
			buildSettings = {
				ASSETCATALOG_COMPILER_APPICON_NAME = AppIcon;
				ASSETCATALOG_COMPILER_GLOBAL_ACCENT_COLOR_NAME = AccentColor;
				CODE_SIGN_STYLE = Automatic;
				CURRENT_PROJECT_VERSION = 1;
				GENERATE_INFOPLIST_FILE = YES;
				INFOPLIST_FILE = AssignmentAcharyaprashant/Info.plist;
				INFOPLIST_KEY_UIApplicationSupportsIndirectInputEvents = YES;
				INFOPLIST_KEY_UILaunchStoryboardName = LaunchScreen;
				INFOPLIST_KEY_UIMainStoryboardFile = Main;
				INFOPLIST_KEY_UISupportedInterfaceOrientations_iPad = "UIInterfaceOrientationPortrait UIInterfaceOrientationPortraitUpsideDown UIInterfaceOrientationLandscapeLeft UIInterfaceOrientationLandscapeRight";
				INFOPLIST_KEY_UISupportedInterfaceOrientations_iPhone = "UIInterfaceOrientationPortrait UIInterfaceOrientationLandscapeLeft UIInterfaceOrientationLandscapeRight";
				LD_RUNPATH_SEARCH_PATHS = (
					"$(inherited)",
					"@executable_path/Frameworks",
				);
				MARKETING_VERSION = 1.0;
				PRODUCT_BUNDLE_IDENTIFIER = com.monang.AssignmentAcharyaprashant;
				PRODUCT_NAME = "$(TARGET_NAME)";
				SWIFT_EMIT_LOC_STRINGS = YES;
				SWIFT_VERSION = 5.0;
				TARGETED_DEVICE_FAMILY = "1,2";
			};
			name = Release;
		};
/* End XCBuildConfiguration section */

/* Begin XCConfigurationList section */
		FC317B442BD0E5A300A2673C /* Build configuration list for PBXProject "AssignmentAcharyaprashant" */ = {
			isa = XCConfigurationList;
			buildConfigurations = (
				FC317B5B2BD0E5A500A2673C /* Debug */,
				FC317B5C2BD0E5A500A2673C /* Release */,
			);
			defaultConfigurationIsVisible = 0;
			defaultConfigurationName = Release;
		};
		FC317B5D2BD0E5A500A2673C /* Build configuration list for PBXNativeTarget "AssignmentAcharyaprashant" */ = {
			isa = XCConfigurationList;
			buildConfigurations = (
				FC317B5E2BD0E5A500A2673C /* Debug */,
				FC317B5F2BD0E5A500A2673C /* Release */,
			);
			defaultConfigurationIsVisible = 0;
			defaultConfigurationName = Release;
		};
/* End XCConfigurationList section */
	};
	rootObject = FC317B412BD0E5A300A2673C /* Project object */;
}
